
Microsoft Visual Studio Solution File, Format Version 12.00
# Visual Studio Version 17
VisualStudioVersion = 17.8.34525.116
MinimumVisualStudioVersion = 10.0.40219.1
Project("{8BC9CEB8-8B4A-11D0-8D11-00A0C91BC942}") = "QT_Tasks", "QT_Tasks.vcxproj", "{AAC76D80-6CB6-4773-960C-303DAD89EFB2}"
EndProject
Global
	GlobalSection(SolutionConfigurationPlatforms) = preSolution
		Debug|x64 = Debug|x64
		Release|x64 = Release|x64
	EndGlobalSection
	GlobalSection(ProjectConfigurationPlatforms) = postSolution
		{AAC76D80-6CB6-4773-960C-303DAD89EFB2}.Debug|x64.ActiveCfg = Debug|x64
		{AAC76D80-6CB6-4773-960C-303DAD89EFB2}.Debug|x64.Build.0 = Debug|x64
		{AAC76D80-6CB6-4773-960C-303DAD89EFB2}.Release|x64.ActiveCfg = Release|x64
		{AAC76D80-6CB6-4773-960C-303DAD89EFB2}.Release|x64.Build.0 = Release|x64
	EndGlobalSection
	GlobalSection(SolutionProperties) = preSolution
		HideSolutionNode = FALSE
	EndGlobalSection
	GlobalSection(ExtensibilityGlobals) = postSolution
		SolutionGuid = {53C50598-3F17-4B58-875F-E3EDBACAAA02}
	EndGlobalSection
EndGlobal
